
Microsoft Visual Studio Solution File, Format Version 10.00
# Visual Studio 2008
Project("{8BC9CEB8-8B4A-11D0-8D11-00A0C91BC942}") = "CrashRootkit", "CrashRootkit\CrashRootkit.vcproj", "{DB65085D-3425-4A06-A27B-D22502EE39C3}"
EndProject
Project("{8BC9CEB8-8B4A-11D0-8D11-00A0C91BC942}") = "ConsoleDll", "ConsoleDll\ConsoleDll.vcproj", "{87A83536-FD12-4B26-9858-1C29B88131BB}"
EndProject
Project("{8BC9CEB8-8B4A-11D0-8D11-00A0C91BC942}") = "CRD.W7", "CRD\CRD.W7.vcproj", "{8E6B5CF5-3730-470B-8318-69621F04F7B2}"
EndProject
Project("{8BC9CEB8-8B4A-11D0-8D11-00A0C91BC942}") = "lua-5.2.2", "lua-5.2.2\lua-5.2.2.vcproj", "{F4C98C9B-A45C-4297-ADEA-87423DA41EF8}"
EndProject
Project("{8BC9CEB8-8B4A-11D0-8D11-00A0C91BC942}") = "WebServiceClient", "WebServiceClient\WebServiceClient.vcproj", "{FDEE3463-8BF2-462D-8665-F59B1A6E7EC4}"
EndProject
Project("{8BC9CEB8-8B4A-11D0-8D11-00A0C91BC942}") = "WebUpdateConfig", "WebUpdateConfig\WebUpdateConfig.vcproj", "{C7BE2DB9-65A9-48DD-9168-727AFF9C7DCF}"
EndProject
Global
	GlobalSection(SolutionConfigurationPlatforms) = preSolution
		Debug|Win32 = Debug|Win32
		Release|Win32 = Release|Win32
		W7 checked (PREfast)|Win32 = W7 checked (PREfast)|Win32
		W7 checked|Win32 = W7 checked|Win32
		W7 free|Win32 = W7 free|Win32
		W7LH checked (PREfast)|Win32 = W7LH checked (PREfast)|Win32
		W7LH checked|Win32 = W7LH checked|Win32
		W7LH free|Win32 = W7LH free|Win32
		W7LHX64 checked (PREfast)|Win32 = W7LHX64 checked (PREfast)|Win32
		W7LHX64 checked|Win32 = W7LHX64 checked|Win32
		W7LHX64 free|Win32 = W7LHX64 free|Win32
		W7NET checked (PREfast)|Win32 = W7NET checked (PREfast)|Win32
		W7NET checked|Win32 = W7NET checked|Win32
		W7NET free|Win32 = W7NET free|Win32
		W7NETX64 checked (PREfast)|Win32 = W7NETX64 checked (PREfast)|Win32
		W7NETX64 checked|Win32 = W7NETX64 checked|Win32
		W7NETX64 free|Win32 = W7NETX64 free|Win32
		W7X64 checked (PREfast)|Win32 = W7X64 checked (PREfast)|Win32
		W7X64 checked|Win32 = W7X64 checked|Win32
		W7X64 free|Win32 = W7X64 free|Win32
		W7XP checked (PREfast)|Win32 = W7XP checked (PREfast)|Win32
		W7XP checked|Win32 = W7XP checked|Win32
		W7XP free|Win32 = W7XP free|Win32
	EndGlobalSection
	GlobalSection(ProjectConfigurationPlatforms) = postSolution
		{DB65085D-3425-4A06-A27B-D22502EE39C3}.Debug|Win32.ActiveCfg = Debug|Win32
		{DB65085D-3425-4A06-A27B-D22502EE39C3}.Debug|Win32.Build.0 = Debug|Win32
		{DB65085D-3425-4A06-A27B-D22502EE39C3}.Release|Win32.ActiveCfg = Release|Win32
		{DB65085D-3425-4A06-A27B-D22502EE39C3}.Release|Win32.Build.0 = Release|Win32
		{DB65085D-3425-4A06-A27B-D22502EE39C3}.W7 checked (PREfast)|Win32.ActiveCfg = Release|Win32
		{DB65085D-3425-4A06-A27B-D22502EE39C3}.W7 checked (PREfast)|Win32.Build.0 = Release|Win32
		{DB65085D-3425-4A06-A27B-D22502EE39C3}.W7 checked|Win32.ActiveCfg = Release|Win32
		{DB65085D-3425-4A06-A27B-D22502EE39C3}.W7 checked|Win32.Build.0 = Release|Win32
		{DB65085D-3425-4A06-A27B-D22502EE39C3}.W7 free|Win32.ActiveCfg = Release|Win32
		{DB65085D-3425-4A06-A27B-D22502EE39C3}.W7 free|Win32.Build.0 = Release|Win32
		{DB65085D-3425-4A06-A27B-D22502EE39C3}.W7LH checked (PREfast)|Win32.ActiveCfg = Release|Win32
		{DB65085D-3425-4A06-A27B-D22502EE39C3}.W7LH checked (PREfast)|Win32.Build.0 = Release|Win32
		{DB65085D-3425-4A06-A27B-D22502EE39C3}.W7LH checked|Win32.ActiveCfg = Release|Win32
		{DB65085D-3425-4A06-A27B-D22502EE39C3}.W7LH checked|Win32.Build.0 = Release|Win32
		{DB65085D-3425-4A06-A27B-D22502EE39C3}.W7LH free|Win32.ActiveCfg = Release|Win32
		{DB65085D-3425-4A06-A27B-D22502EE39C3}.W7LH free|Win32.Build.0 = Release|Win32
		{DB65085D-3425-4A06-A27B-D22502EE39C3}.W7LHX64 checked (PREfast)|Win32.ActiveCfg = Release|Win32
		{DB65085D-3425-4A06-A27B-D22502EE39C3}.W7LHX64 checked (PREfast)|Win32.Build.0 = Release|Win32
		{DB65085D-3425-4A06-A27B-D22502EE39C3}.W7LHX64 checked|Win32.ActiveCfg = Release|Win32
		{DB65085D-3425-4A06-A27B-D22502EE39C3}.W7LHX64 checked|Win32.Build.0 = Release|Win32
		{DB65085D-3425-4A06-A27B-D22502EE39C3}.W7LHX64 free|Win32.ActiveCfg = Release|Win32
		{DB65085D-3425-4A06-A27B-D22502EE39C3}.W7LHX64 free|Win32.Build.0 = Release|Win32
		{DB65085D-3425-4A06-A27B-D22502EE39C3}.W7NET checked (PREfast)|Win32.ActiveCfg = Release|Win32
		{DB65085D-3425-4A06-A27B-D22502EE39C3}.W7NET checked (PREfast)|Win32.Build.0 = Release|Win32
		{DB65085D-3425-4A06-A27B-D22502EE39C3}.W7NET checked|Win32.ActiveCfg = Release|Win32
		{DB65085D-3425-4A06-A27B-D22502EE39C3}.W7NET checked|Win32.Build.0 = Release|Win32
		{DB65085D-3425-4A06-A27B-D22502EE39C3}.W7NET free|Win32.ActiveCfg = Release|Win32
		{DB65085D-3425-4A06-A27B-D22502EE39C3}.W7NET free|Win32.Build.0 = Release|Win32
		{DB65085D-3425-4A06-A27B-D22502EE39C3}.W7NETX64 checked (PREfast)|Win32.ActiveCfg = Release|Win32
		{DB65085D-3425-4A06-A27B-D22502EE39C3}.W7NETX64 checked (PREfast)|Win32.Build.0 = Release|Win32
		{DB65085D-3425-4A06-A27B-D22502EE39C3}.W7NETX64 checked|Win32.ActiveCfg = Release|Win32
		{DB65085D-3425-4A06-A27B-D22502EE39C3}.W7NETX64 checked|Win32.Build.0 = Release|Win32
		{DB65085D-3425-4A06-A27B-D22502EE39C3}.W7NETX64 free|Win32.ActiveCfg = Release|Win32
		{DB65085D-3425-4A06-A27B-D22502EE39C3}.W7NETX64 free|Win32.Build.0 = Release|Win32
		{DB65085D-3425-4A06-A27B-D22502EE39C3}.W7X64 checked (PREfast)|Win32.ActiveCfg = Release|Win32
		{DB65085D-3425-4A06-A27B-D22502EE39C3}.W7X64 checked (PREfast)|Win32.Build.0 = Release|Win32
		{DB65085D-3425-4A06-A27B-D22502EE39C3}.W7X64 checked|Win32.ActiveCfg = Release|Win32
		{DB65085D-3425-4A06-A27B-D22502EE39C3}.W7X64 checked|Win32.Build.0 = Release|Win32
		{DB65085D-3425-4A06-A27B-D22502EE39C3}.W7X64 free|Win32.ActiveCfg = Release|Win32
		{DB65085D-3425-4A06-A27B-D22502EE39C3}.W7X64 free|Win32.Build.0 = Release|Win32
		{DB65085D-3425-4A06-A27B-D22502EE39C3}.W7XP checked (PREfast)|Win32.ActiveCfg = Release|Win32
		{DB65085D-3425-4A06-A27B-D22502EE39C3}.W7XP checked (PREfast)|Win32.Build.0 = Release|Win32
		{DB65085D-3425-4A06-A27B-D22502EE39C3}.W7XP checked|Win32.ActiveCfg = Release|Win32
		{DB65085D-3425-4A06-A27B-D22502EE39C3}.W7XP checked|Win32.Build.0 = Release|Win32
		{DB65085D-3425-4A06-A27B-D22502EE39C3}.W7XP free|Win32.ActiveCfg = Release|Win32
		{DB65085D-3425-4A06-A27B-D22502EE39C3}.W7XP free|Win32.Build.0 = Release|Win32
		{87A83536-FD12-4B26-9858-1C29B88131BB}.Debug|Win32.ActiveCfg = Debug|Win32
		{87A83536-FD12-4B26-9858-1C29B88131BB}.Debug|Win32.Build.0 = Debug|Win32
		{87A83536-FD12-4B26-9858-1C29B88131BB}.Release|Win32.ActiveCfg = Release|Win32
		{87A83536-FD12-4B26-9858-1C29B88131BB}.Release|Win32.Build.0 = Release|Win32
		{87A83536-FD12-4B26-9858-1C29B88131BB}.W7 checked (PREfast)|Win32.ActiveCfg = Release|Win32
		{87A83536-FD12-4B26-9858-1C29B88131BB}.W7 checked (PREfast)|Win32.Build.0 = Release|Win32
		{87A83536-FD12-4B26-9858-1C29B88131BB}.W7 checked|Win32.ActiveCfg = Release|Win32
		{87A83536-FD12-4B26-9858-1C29B88131BB}.W7 checked|Win32.Build.0 = Release|Win32
		{87A83536-FD12-4B26-9858-1C29B88131BB}.W7 free|Win32.ActiveCfg = Release|Win32
		{87A83536-FD12-4B26-9858-1C29B88131BB}.W7 free|Win32.Build.0 = Release|Win32
		{87A83536-FD12-4B26-9858-1C29B88131BB}.W7LH checked (PREfast)|Win32.ActiveCfg = Release|Win32
		{87A83536-FD12-4B26-9858-1C29B88131BB}.W7LH checked (PREfast)|Win32.Build.0 = Release|Win32
		{87A83536-FD12-4B26-9858-1C29B88131BB}.W7LH checked|Win32.ActiveCfg = Release|Win32
		{87A83536-FD12-4B26-9858-1C29B88131BB}.W7LH checked|Win32.Build.0 = Release|Win32
		{87A83536-FD12-4B26-9858-1C29B88131BB}.W7LH free|Win32.ActiveCfg = Release|Win32
		{87A83536-FD12-4B26-9858-1C29B88131BB}.W7LH free|Win32.Build.0 = Release|Win32
		{87A83536-FD12-4B26-9858-1C29B88131BB}.W7LHX64 checked (PREfast)|Win32.ActiveCfg = Release|Win32
		{87A83536-FD12-4B26-9858-1C29B88131BB}.W7LHX64 checked (PREfast)|Win32.Build.0 = Release|Win32
		{87A83536-FD12-4B26-9858-1C29B88131BB}.W7LHX64 checked|Win32.ActiveCfg = Release|Win32
		{87A83536-FD12-4B26-9858-1C29B88131BB}.W7LHX64 checked|Win32.Build.0 = Release|Win32
		{87A83536-FD12-4B26-9858-1C29B88131BB}.W7LHX64 free|Win32.ActiveCfg = Release|Win32
		{87A83536-FD12-4B26-9858-1C29B88131BB}.W7LHX64 free|Win32.Build.0 = Release|Win32
		{87A83536-FD12-4B26-9858-1C29B88131BB}.W7NET checked (PREfast)|Win32.ActiveCfg = Release|Win32
		{87A83536-FD12-4B26-9858-1C29B88131BB}.W7NET checked (PREfast)|Win32.Build.0 = Release|Win32
		{87A83536-FD12-4B26-9858-1C29B88131BB}.W7NET checked|Win32.ActiveCfg = Release|Win32
		{87A83536-FD12-4B26-9858-1C29B88131BB}.W7NET checked|Win32.Build.0 = Release|Win32
		{87A83536-FD12-4B26-9858-1C29B88131BB}.W7NET free|Win32.ActiveCfg = Release|Win32
		{87A83536-FD12-4B26-9858-1C29B88131BB}.W7NET free|Win32.Build.0 = Release|Win32
		{87A83536-FD12-4B26-9858-1C29B88131BB}.W7NETX64 checked (PREfast)|Win32.ActiveCfg = Release|Win32
		{87A83536-FD12-4B26-9858-1C29B88131BB}.W7NETX64 checked (PREfast)|Win32.Build.0 = Release|Win32
		{87A83536-FD12-4B26-9858-1C29B88131BB}.W7NETX64 checked|Win32.ActiveCfg = Release|Win32
		{87A83536-FD12-4B26-9858-1C29B88131BB}.W7NETX64 checked|Win32.Build.0 = Release|Win32
		{87A83536-FD12-4B26-9858-1C29B88131BB}.W7NETX64 free|Win32.ActiveCfg = Release|Win32
		{87A83536-FD12-4B26-9858-1C29B88131BB}.W7NETX64 free|Win32.Build.0 = Release|Win32
		{87A83536-FD12-4B26-9858-1C29B88131BB}.W7X64 checked (PREfast)|Win32.ActiveCfg = Release|Win32
		{87A83536-FD12-4B26-9858-1C29B88131BB}.W7X64 checked (PREfast)|Win32.Build.0 = Release|Win32
		{87A83536-FD12-4B26-9858-1C29B88131BB}.W7X64 checked|Win32.ActiveCfg = Release|Win32
		{87A83536-FD12-4B26-9858-1C29B88131BB}.W7X64 checked|Win32.Build.0 = Release|Win32
		{87A83536-FD12-4B26-9858-1C29B88131BB}.W7X64 free|Win32.ActiveCfg = Release|Win32
		{87A83536-FD12-4B26-9858-1C29B88131BB}.W7X64 free|Win32.Build.0 = Release|Win32
		{87A83536-FD12-4B26-9858-1C29B88131BB}.W7XP checked (PREfast)|Win32.ActiveCfg = Release|Win32
		{87A83536-FD12-4B26-9858-1C29B88131BB}.W7XP checked (PREfast)|Win32.Build.0 = Release|Win32
		{87A83536-FD12-4B26-9858-1C29B88131BB}.W7XP checked|Win32.ActiveCfg = Release|Win32
		{87A83536-FD12-4B26-9858-1C29B88131BB}.W7XP checked|Win32.Build.0 = Release|Win32
		{87A83536-FD12-4B26-9858-1C29B88131BB}.W7XP free|Win32.ActiveCfg = Release|Win32
		{87A83536-FD12-4B26-9858-1C29B88131BB}.W7XP free|Win32.Build.0 = Release|Win32
		{8E6B5CF5-3730-470B-8318-69621F04F7B2}.Debug|Win32.ActiveCfg = W7XP checked (PREfast)|Win32
		{8E6B5CF5-3730-470B-8318-69621F04F7B2}.Debug|Win32.Build.0 = W7XP checked (PREfast)|Win32
		{8E6B5CF5-3730-470B-8318-69621F04F7B2}.Release|Win32.ActiveCfg = W7XP checked (PREfast)|Win32
		{8E6B5CF5-3730-470B-8318-69621F04F7B2}.Release|Win32.Build.0 = W7XP checked (PREfast)|Win32
		{8E6B5CF5-3730-470B-8318-69621F04F7B2}.W7 checked (PREfast)|Win32.ActiveCfg = W7 checked (PREfast)|Win32
		{8E6B5CF5-3730-470B-8318-69621F04F7B2}.W7 checked (PREfast)|Win32.Build.0 = W7 checked (PREfast)|Win32
		{8E6B5CF5-3730-470B-8318-69621F04F7B2}.W7 checked|Win32.ActiveCfg = W7 checked|Win32
		{8E6B5CF5-3730-470B-8318-69621F04F7B2}.W7 checked|Win32.Build.0 = W7 checked|Win32
		{8E6B5CF5-3730-470B-8318-69621F04F7B2}.W7 free|Win32.ActiveCfg = W7 free|Win32
		{8E6B5CF5-3730-470B-8318-69621F04F7B2}.W7 free|Win32.Build.0 = W7 free|Win32
		{8E6B5CF5-3730-470B-8318-69621F04F7B2}.W7LH checked (PREfast)|Win32.ActiveCfg = W7LH checked (PREfast)|Win32
		{8E6B5CF5-3730-470B-8318-69621F04F7B2}.W7LH checked (PREfast)|Win32.Build.0 = W7LH checked (PREfast)|Win32
		{8E6B5CF5-3730-470B-8318-69621F04F7B2}.W7LH checked|Win32.ActiveCfg = W7LH checked|Win32
		{8E6B5CF5-3730-470B-8318-69621F04F7B2}.W7LH checked|Win32.Build.0 = W7LH checked|Win32
		{8E6B5CF5-3730-470B-8318-69621F04F7B2}.W7LH free|Win32.ActiveCfg = W7LH free|Win32
		{8E6B5CF5-3730-470B-8318-69621F04F7B2}.W7LH free|Win32.Build.0 = W7LH free|Win32
		{8E6B5CF5-3730-470B-8318-69621F04F7B2}.W7LHX64 checked (PREfast)|Win32.ActiveCfg = W7LHX64 checked (PREfast)|Win32
		{8E6B5CF5-3730-470B-8318-69621F04F7B2}.W7LHX64 checked (PREfast)|Win32.Build.0 = W7LHX64 checked (PREfast)|Win32
		{8E6B5CF5-3730-470B-8318-69621F04F7B2}.W7LHX64 checked|Win32.ActiveCfg = W7LHX64 checked|Win32
		{8E6B5CF5-3730-470B-8318-69621F04F7B2}.W7LHX64 checked|Win32.Build.0 = W7LHX64 checked|Win32
		{8E6B5CF5-3730-470B-8318-69621F04F7B2}.W7LHX64 free|Win32.ActiveCfg = W7LHX64 free|Win32
		{8E6B5CF5-3730-470B-8318-69621F04F7B2}.W7LHX64 free|Win32.Build.0 = W7LHX64 free|Win32
		{8E6B5CF5-3730-470B-8318-69621F04F7B2}.W7NET checked (PREfast)|Win32.ActiveCfg = W7NET checked (PREfast)|Win32
		{8E6B5CF5-3730-470B-8318-69621F04F7B2}.W7NET checked (PREfast)|Win32.Build.0 = W7NET checked (PREfast)|Win32
		{8E6B5CF5-3730-470B-8318-69621F04F7B2}.W7NET checked|Win32.ActiveCfg = W7NET checked|Win32
		{8E6B5CF5-3730-470B-8318-69621F04F7B2}.W7NET checked|Win32.Build.0 = W7NET checked|Win32
		{8E6B5CF5-3730-470B-8318-69621F04F7B2}.W7NET free|Win32.ActiveCfg = W7NET free|Win32
		{8E6B5CF5-3730-470B-8318-69621F04F7B2}.W7NET free|Win32.Build.0 = W7NET free|Win32
		{8E6B5CF5-3730-470B-8318-69621F04F7B2}.W7NETX64 checked (PREfast)|Win32.ActiveCfg = W7NETX64 checked (PREfast)|Win32
		{8E6B5CF5-3730-470B-8318-69621F04F7B2}.W7NETX64 checked (PREfast)|Win32.Build.0 = W7NETX64 checked (PREfast)|Win32
		{8E6B5CF5-3730-470B-8318-69621F04F7B2}.W7NETX64 checked|Win32.ActiveCfg = W7NETX64 checked|Win32
		{8E6B5CF5-3730-470B-8318-69621F04F7B2}.W7NETX64 checked|Win32.Build.0 = W7NETX64 checked|Win32
		{8E6B5CF5-3730-470B-8318-69621F04F7B2}.W7NETX64 free|Win32.ActiveCfg = W7NETX64 free|Win32
		{8E6B5CF5-3730-470B-8318-69621F04F7B2}.W7NETX64 free|Win32.Build.0 = W7NETX64 free|Win32
		{8E6B5CF5-3730-470B-8318-69621F04F7B2}.W7X64 checked (PREfast)|Win32.ActiveCfg = W7X64 checked (PREfast)|Win32
		{8E6B5CF5-3730-470B-8318-69621F04F7B2}.W7X64 checked (PREfast)|Win32.Build.0 = W7X64 checked (PREfast)|Win32
		{8E6B5CF5-3730-470B-8318-69621F04F7B2}.W7X64 checked|Win32.ActiveCfg = W7X64 checked|Win32
		{8E6B5CF5-3730-470B-8318-69621F04F7B2}.W7X64 checked|Win32.Build.0 = W7X64 checked|Win32
		{8E6B5CF5-3730-470B-8318-69621F04F7B2}.W7X64 free|Win32.ActiveCfg = W7X64 free|Win32
		{8E6B5CF5-3730-470B-8318-69621F04F7B2}.W7X64 free|Win32.Build.0 = W7X64 free|Win32
		{8E6B5CF5-3730-470B-8318-69621F04F7B2}.W7XP checked (PREfast)|Win32.ActiveCfg = W7XP checked (PREfast)|Win32
		{8E6B5CF5-3730-470B-8318-69621F04F7B2}.W7XP checked (PREfast)|Win32.Build.0 = W7XP checked (PREfast)|Win32
		{8E6B5CF5-3730-470B-8318-69621F04F7B2}.W7XP checked|Win32.ActiveCfg = W7XP checked|Win32
		{8E6B5CF5-3730-470B-8318-69621F04F7B2}.W7XP checked|Win32.Build.0 = W7XP checked|Win32
		{8E6B5CF5-3730-470B-8318-69621F04F7B2}.W7XP free|Win32.ActiveCfg = W7XP free|Win32
		{8E6B5CF5-3730-470B-8318-69621F04F7B2}.W7XP free|Win32.Build.0 = W7XP free|Win32
		{F4C98C9B-A45C-4297-ADEA-87423DA41EF8}.Debug|Win32.ActiveCfg = Debug|Win32
		{F4C98C9B-A45C-4297-ADEA-87423DA41EF8}.Debug|Win32.Build.0 = Debug|Win32
		{F4C98C9B-A45C-4297-ADEA-87423DA41EF8}.Release|Win32.ActiveCfg = Release|Win32
		{F4C98C9B-A45C-4297-ADEA-87423DA41EF8}.Release|Win32.Build.0 = Release|Win32
		{F4C98C9B-A45C-4297-ADEA-87423DA41EF8}.W7 checked (PREfast)|Win32.ActiveCfg = Release|Win32
		{F4C98C9B-A45C-4297-ADEA-87423DA41EF8}.W7 checked (PREfast)|Win32.Build.0 = Release|Win32
		{F4C98C9B-A45C-4297-ADEA-87423DA41EF8}.W7 checked|Win32.ActiveCfg = Release|Win32
		{F4C98C9B-A45C-4297-ADEA-87423DA41EF8}.W7 checked|Win32.Build.0 = Release|Win32
		{F4C98C9B-A45C-4297-ADEA-87423DA41EF8}.W7 free|Win32.ActiveCfg = Release|Win32
		{F4C98C9B-A45C-4297-ADEA-87423DA41EF8}.W7 free|Win32.Build.0 = Release|Win32
		{F4C98C9B-A45C-4297-ADEA-87423DA41EF8}.W7LH checked (PREfast)|Win32.ActiveCfg = Release|Win32
		{F4C98C9B-A45C-4297-ADEA-87423DA41EF8}.W7LH checked (PREfast)|Win32.Build.0 = Release|Win32
		{F4C98C9B-A45C-4297-ADEA-87423DA41EF8}.W7LH checked|Win32.ActiveCfg = Release|Win32
		{F4C98C9B-A45C-4297-ADEA-87423DA41EF8}.W7LH checked|Win32.Build.0 = Release|Win32
		{F4C98C9B-A45C-4297-ADEA-87423DA41EF8}.W7LH free|Win32.ActiveCfg = Release|Win32
		{F4C98C9B-A45C-4297-ADEA-87423DA41EF8}.W7LH free|Win32.Build.0 = Release|Win32
		{F4C98C9B-A45C-4297-ADEA-87423DA41EF8}.W7LHX64 checked (PREfast)|Win32.ActiveCfg = Release|Win32
		{F4C98C9B-A45C-4297-ADEA-87423DA41EF8}.W7LHX64 checked (PREfast)|Win32.Build.0 = Release|Win32
		{F4C98C9B-A45C-4297-ADEA-87423DA41EF8}.W7LHX64 checked|Win32.ActiveCfg = Release|Win32
		{F4C98C9B-A45C-4297-ADEA-87423DA41EF8}.W7LHX64 checked|Win32.Build.0 = Release|Win32
		{F4C98C9B-A45C-4297-ADEA-87423DA41EF8}.W7LHX64 free|Win32.ActiveCfg = Release|Win32
		{F4C98C9B-A45C-4297-ADEA-87423DA41EF8}.W7LHX64 free|Win32.Build.0 = Release|Win32
		{F4C98C9B-A45C-4297-ADEA-87423DA41EF8}.W7NET checked (PREfast)|Win32.ActiveCfg = Release|Win32
		{F4C98C9B-A45C-4297-ADEA-87423DA41EF8}.W7NET checked (PREfast)|Win32.Build.0 = Release|Win32
		{F4C98C9B-A45C-4297-ADEA-87423DA41EF8}.W7NET checked|Win32.ActiveCfg = Release|Win32
		{F4C98C9B-A45C-4297-ADEA-87423DA41EF8}.W7NET checked|Win32.Build.0 = Release|Win32
		{F4C98C9B-A45C-4297-ADEA-87423DA41EF8}.W7NET free|Win32.ActiveCfg = Release|Win32
		{F4C98C9B-A45C-4297-ADEA-87423DA41EF8}.W7NET free|Win32.Build.0 = Release|Win32
		{F4C98C9B-A45C-4297-ADEA-87423DA41EF8}.W7NETX64 checked (PREfast)|Win32.ActiveCfg = Release|Win32
		{F4C98C9B-A45C-4297-ADEA-87423DA41EF8}.W7NETX64 checked (PREfast)|Win32.Build.0 = Release|Win32
		{F4C98C9B-A45C-4297-ADEA-87423DA41EF8}.W7NETX64 checked|Win32.ActiveCfg = Release|Win32
		{F4C98C9B-A45C-4297-ADEA-87423DA41EF8}.W7NETX64 checked|Win32.Build.0 = Release|Win32
		{F4C98C9B-A45C-4297-ADEA-87423DA41EF8}.W7NETX64 free|Win32.ActiveCfg = Release|Win32
		{F4C98C9B-A45C-4297-ADEA-87423DA41EF8}.W7NETX64 free|Win32.Build.0 = Release|Win32
		{F4C98C9B-A45C-4297-ADEA-87423DA41EF8}.W7X64 checked (PREfast)|Win32.ActiveCfg = Release|Win32
		{F4C98C9B-A45C-4297-ADEA-87423DA41EF8}.W7X64 checked (PREfast)|Win32.Build.0 = Release|Win32
		{F4C98C9B-A45C-4297-ADEA-87423DA41EF8}.W7X64 checked|Win32.ActiveCfg = Release|Win32
		{F4C98C9B-A45C-4297-ADEA-87423DA41EF8}.W7X64 checked|Win32.Build.0 = Release|Win32
		{F4C98C9B-A45C-4297-ADEA-87423DA41EF8}.W7X64 free|Win32.ActiveCfg = Release|Win32
		{F4C98C9B-A45C-4297-ADEA-87423DA41EF8}.W7X64 free|Win32.Build.0 = Release|Win32
		{F4C98C9B-A45C-4297-ADEA-87423DA41EF8}.W7XP checked (PREfast)|Win32.ActiveCfg = Release|Win32
		{F4C98C9B-A45C-4297-ADEA-87423DA41EF8}.W7XP checked (PREfast)|Win32.Build.0 = Release|Win32
		{F4C98C9B-A45C-4297-ADEA-87423DA41EF8}.W7XP checked|Win32.ActiveCfg = Release|Win32
		{F4C98C9B-A45C-4297-ADEA-87423DA41EF8}.W7XP checked|Win32.Build.0 = Release|Win32
		{F4C98C9B-A45C-4297-ADEA-87423DA41EF8}.W7XP free|Win32.ActiveCfg = Release|Win32
		{F4C98C9B-A45C-4297-ADEA-87423DA41EF8}.W7XP free|Win32.Build.0 = Release|Win32
		{FDEE3463-8BF2-462D-8665-F59B1A6E7EC4}.Debug|Win32.ActiveCfg = Debug|Win32
		{FDEE3463-8BF2-462D-8665-F59B1A6E7EC4}.Debug|Win32.Build.0 = Debug|Win32
		{FDEE3463-8BF2-462D-8665-F59B1A6E7EC4}.Release|Win32.ActiveCfg = Release|Win32
		{FDEE3463-8BF2-462D-8665-F59B1A6E7EC4}.Release|Win32.Build.0 = Release|Win32
		{FDEE3463-8BF2-462D-8665-F59B1A6E7EC4}.W7 checked (PREfast)|Win32.ActiveCfg = Release|Win32
		{FDEE3463-8BF2-462D-8665-F59B1A6E7EC4}.W7 checked (PREfast)|Win32.Build.0 = Release|Win32
		{FDEE3463-8BF2-462D-8665-F59B1A6E7EC4}.W7 checked|Win32.ActiveCfg = Release|Win32
		{FDEE3463-8BF2-462D-8665-F59B1A6E7EC4}.W7 checked|Win32.Build.0 = Release|Win32
		{FDEE3463-8BF2-462D-8665-F59B1A6E7EC4}.W7 free|Win32.ActiveCfg = Release|Win32
		{FDEE3463-8BF2-462D-8665-F59B1A6E7EC4}.W7 free|Win32.Build.0 = Release|Win32
		{FDEE3463-8BF2-462D-8665-F59B1A6E7EC4}.W7LH checked (PREfast)|Win32.ActiveCfg = Release|Win32
		{FDEE3463-8BF2-462D-8665-F59B1A6E7EC4}.W7LH checked (PREfast)|Win32.Build.0 = Release|Win32
		{FDEE3463-8BF2-462D-8665-F59B1A6E7EC4}.W7LH checked|Win32.ActiveCfg = Release|Win32
		{FDEE3463-8BF2-462D-8665-F59B1A6E7EC4}.W7LH checked|Win32.Build.0 = Release|Win32
		{FDEE3463-8BF2-462D-8665-F59B1A6E7EC4}.W7LH free|Win32.ActiveCfg = Release|Win32
		{FDEE3463-8BF2-462D-8665-F59B1A6E7EC4}.W7LH free|Win32.Build.0 = Release|Win32
		{FDEE3463-8BF2-462D-8665-F59B1A6E7EC4}.W7LHX64 checked (PREfast)|Win32.ActiveCfg = Release|Win32
		{FDEE3463-8BF2-462D-8665-F59B1A6E7EC4}.W7LHX64 checked (PREfast)|Win32.Build.0 = Release|Win32
		{FDEE3463-8BF2-462D-8665-F59B1A6E7EC4}.W7LHX64 checked|Win32.ActiveCfg = Release|Win32
		{FDEE3463-8BF2-462D-8665-F59B1A6E7EC4}.W7LHX64 checked|Win32.Build.0 = Release|Win32
		{FDEE3463-8BF2-462D-8665-F59B1A6E7EC4}.W7LHX64 free|Win32.ActiveCfg = Release|Win32
		{FDEE3463-8BF2-462D-8665-F59B1A6E7EC4}.W7LHX64 free|Win32.Build.0 = Release|Win32
		{FDEE3463-8BF2-462D-8665-F59B1A6E7EC4}.W7NET checked (PREfast)|Win32.ActiveCfg = Release|Win32
		{FDEE3463-8BF2-462D-8665-F59B1A6E7EC4}.W7NET checked (PREfast)|Win32.Build.0 = Release|Win32
		{FDEE3463-8BF2-462D-8665-F59B1A6E7EC4}.W7NET checked|Win32.ActiveCfg = Release|Win32
		{FDEE3463-8BF2-462D-8665-F59B1A6E7EC4}.W7NET checked|Win32.Build.0 = Release|Win32
		{FDEE3463-8BF2-462D-8665-F59B1A6E7EC4}.W7NET free|Win32.ActiveCfg = Release|Win32
		{FDEE3463-8BF2-462D-8665-F59B1A6E7EC4}.W7NET free|Win32.Build.0 = Release|Win32
		{FDEE3463-8BF2-462D-8665-F59B1A6E7EC4}.W7NETX64 checked (PREfast)|Win32.ActiveCfg = Release|Win32
		{FDEE3463-8BF2-462D-8665-F59B1A6E7EC4}.W7NETX64 checked (PREfast)|Win32.Build.0 = Release|Win32
		{FDEE3463-8BF2-462D-8665-F59B1A6E7EC4}.W7NETX64 checked|Win32.ActiveCfg = Release|Win32
		{FDEE3463-8BF2-462D-8665-F59B1A6E7EC4}.W7NETX64 checked|Win32.Build.0 = Release|Win32
		{FDEE3463-8BF2-462D-8665-F59B1A6E7EC4}.W7NETX64 free|Win32.ActiveCfg = Release|Win32
		{FDEE3463-8BF2-462D-8665-F59B1A6E7EC4}.W7NETX64 free|Win32.Build.0 = Release|Win32
		{FDEE3463-8BF2-462D-8665-F59B1A6E7EC4}.W7X64 checked (PREfast)|Win32.ActiveCfg = Release|Win32
		{FDEE3463-8BF2-462D-8665-F59B1A6E7EC4}.W7X64 checked (PREfast)|Win32.Build.0 = Release|Win32
		{FDEE3463-8BF2-462D-8665-F59B1A6E7EC4}.W7X64 checked|Win32.ActiveCfg = Release|Win32
		{FDEE3463-8BF2-462D-8665-F59B1A6E7EC4}.W7X64 checked|Win32.Build.0 = Release|Win32
		{FDEE3463-8BF2-462D-8665-F59B1A6E7EC4}.W7X64 free|Win32.ActiveCfg = Release|Win32
		{FDEE3463-8BF2-462D-8665-F59B1A6E7EC4}.W7X64 free|Win32.Build.0 = Release|Win32
		{FDEE3463-8BF2-462D-8665-F59B1A6E7EC4}.W7XP checked (PREfast)|Win32.ActiveCfg = Release|Win32
		{FDEE3463-8BF2-462D-8665-F59B1A6E7EC4}.W7XP checked (PREfast)|Win32.Build.0 = Release|Win32
		{FDEE3463-8BF2-462D-8665-F59B1A6E7EC4}.W7XP checked|Win32.ActiveCfg = Release|Win32
		{FDEE3463-8BF2-462D-8665-F59B1A6E7EC4}.W7XP checked|Win32.Build.0 = Release|Win32
		{FDEE3463-8BF2-462D-8665-F59B1A6E7EC4}.W7XP free|Win32.ActiveCfg = Release|Win32
		{FDEE3463-8BF2-462D-8665-F59B1A6E7EC4}.W7XP free|Win32.Build.0 = Release|Win32
		{C7BE2DB9-65A9-48DD-9168-727AFF9C7DCF}.Debug|Win32.ActiveCfg = Debug|Win32
		{C7BE2DB9-65A9-48DD-9168-727AFF9C7DCF}.Debug|Win32.Build.0 = Debug|Win32
		{C7BE2DB9-65A9-48DD-9168-727AFF9C7DCF}.Release|Win32.ActiveCfg = Release|Win32
		{C7BE2DB9-65A9-48DD-9168-727AFF9C7DCF}.Release|Win32.Build.0 = Release|Win32
		{C7BE2DB9-65A9-48DD-9168-727AFF9C7DCF}.W7 checked (PREfast)|Win32.ActiveCfg = Release|Win32
		{C7BE2DB9-65A9-48DD-9168-727AFF9C7DCF}.W7 checked (PREfast)|Win32.Build.0 = Release|Win32
		{C7BE2DB9-65A9-48DD-9168-727AFF9C7DCF}.W7 checked|Win32.ActiveCfg = Release|Win32
		{C7BE2DB9-65A9-48DD-9168-727AFF9C7DCF}.W7 checked|Win32.Build.0 = Release|Win32
		{C7BE2DB9-65A9-48DD-9168-727AFF9C7DCF}.W7 free|Win32.ActiveCfg = Release|Win32
		{C7BE2DB9-65A9-48DD-9168-727AFF9C7DCF}.W7 free|Win32.Build.0 = Release|Win32
		{C7BE2DB9-65A9-48DD-9168-727AFF9C7DCF}.W7LH checked (PREfast)|Win32.ActiveCfg = Release|Win32
		{C7BE2DB9-65A9-48DD-9168-727AFF9C7DCF}.W7LH checked (PREfast)|Win32.Build.0 = Release|Win32
		{C7BE2DB9-65A9-48DD-9168-727AFF9C7DCF}.W7LH checked|Win32.ActiveCfg = Release|Win32
		{C7BE2DB9-65A9-48DD-9168-727AFF9C7DCF}.W7LH checked|Win32.Build.0 = Release|Win32
		{C7BE2DB9-65A9-48DD-9168-727AFF9C7DCF}.W7LH free|Win32.ActiveCfg = Release|Win32
		{C7BE2DB9-65A9-48DD-9168-727AFF9C7DCF}.W7LH free|Win32.Build.0 = Release|Win32
		{C7BE2DB9-65A9-48DD-9168-727AFF9C7DCF}.W7LHX64 checked (PREfast)|Win32.ActiveCfg = Release|Win32
		{C7BE2DB9-65A9-48DD-9168-727AFF9C7DCF}.W7LHX64 checked (PREfast)|Win32.Build.0 = Release|Win32
		{C7BE2DB9-65A9-48DD-9168-727AFF9C7DCF}.W7LHX64 checked|Win32.ActiveCfg = Release|Win32
		{C7BE2DB9-65A9-48DD-9168-727AFF9C7DCF}.W7LHX64 checked|Win32.Build.0 = Release|Win32
		{C7BE2DB9-65A9-48DD-9168-727AFF9C7DCF}.W7LHX64 free|Win32.ActiveCfg = Release|Win32
		{C7BE2DB9-65A9-48DD-9168-727AFF9C7DCF}.W7LHX64 free|Win32.Build.0 = Release|Win32
		{C7BE2DB9-65A9-48DD-9168-727AFF9C7DCF}.W7NET checked (PREfast)|Win32.ActiveCfg = Release|Win32
		{C7BE2DB9-65A9-48DD-9168-727AFF9C7DCF}.W7NET checked (PREfast)|Win32.Build.0 = Release|Win32
		{C7BE2DB9-65A9-48DD-9168-727AFF9C7DCF}.W7NET checked|Win32.ActiveCfg = Release|Win32
		{C7BE2DB9-65A9-48DD-9168-727AFF9C7DCF}.W7NET checked|Win32.Build.0 = Release|Win32
		{C7BE2DB9-65A9-48DD-9168-727AFF9C7DCF}.W7NET free|Win32.ActiveCfg = Release|Win32
		{C7BE2DB9-65A9-48DD-9168-727AFF9C7DCF}.W7NET free|Win32.Build.0 = Release|Win32
		{C7BE2DB9-65A9-48DD-9168-727AFF9C7DCF}.W7NETX64 checked (PREfast)|Win32.ActiveCfg = Release|Win32
		{C7BE2DB9-65A9-48DD-9168-727AFF9C7DCF}.W7NETX64 checked (PREfast)|Win32.Build.0 = Release|Win32
		{C7BE2DB9-65A9-48DD-9168-727AFF9C7DCF}.W7NETX64 checked|Win32.ActiveCfg = Release|Win32
		{C7BE2DB9-65A9-48DD-9168-727AFF9C7DCF}.W7NETX64 checked|Win32.Build.0 = Release|Win32
		{C7BE2DB9-65A9-48DD-9168-727AFF9C7DCF}.W7NETX64 free|Win32.ActiveCfg = Release|Win32
		{C7BE2DB9-65A9-48DD-9168-727AFF9C7DCF}.W7NETX64 free|Win32.Build.0 = Release|Win32
		{C7BE2DB9-65A9-48DD-9168-727AFF9C7DCF}.W7X64 checked (PREfast)|Win32.ActiveCfg = Release|Win32
		{C7BE2DB9-65A9-48DD-9168-727AFF9C7DCF}.W7X64 checked (PREfast)|Win32.Build.0 = Release|Win32
		{C7BE2DB9-65A9-48DD-9168-727AFF9C7DCF}.W7X64 checked|Win32.ActiveCfg = Release|Win32
		{C7BE2DB9-65A9-48DD-9168-727AFF9C7DCF}.W7X64 checked|Win32.Build.0 = Release|Win32
		{C7BE2DB9-65A9-48DD-9168-727AFF9C7DCF}.W7X64 free|Win32.ActiveCfg = Release|Win32
		{C7BE2DB9-65A9-48DD-9168-727AFF9C7DCF}.W7X64 free|Win32.Build.0 = Release|Win32
		{C7BE2DB9-65A9-48DD-9168-727AFF9C7DCF}.W7XP checked (PREfast)|Win32.ActiveCfg = Release|Win32
		{C7BE2DB9-65A9-48DD-9168-727AFF9C7DCF}.W7XP checked (PREfast)|Win32.Build.0 = Release|Win32
		{C7BE2DB9-65A9-48DD-9168-727AFF9C7DCF}.W7XP checked|Win32.ActiveCfg = Release|Win32
		{C7BE2DB9-65A9-48DD-9168-727AFF9C7DCF}.W7XP checked|Win32.Build.0 = Release|Win32
		{C7BE2DB9-65A9-48DD-9168-727AFF9C7DCF}.W7XP free|Win32.ActiveCfg = Release|Win32
		{C7BE2DB9-65A9-48DD-9168-727AFF9C7DCF}.W7XP free|Win32.Build.0 = Release|Win32
	EndGlobalSection
	GlobalSection(SolutionProperties) = preSolution
		HideSolutionNode = FALSE
	EndGlobalSection
	GlobalSection(ExtensibilityGlobals) = postSolution
		VisualSVNWorkingCopyRoot = .
	EndGlobalSection
EndGlobal
